<?xml version="1.0" encoding="utf-8"?>
<Project ToolsVersion="4.0" xmlns="http://schemas.microsoft.com/developer/msbuild/2003">
  <ItemGroup>
    <Filter Include="Source Files">
      <UniqueIdentifier>{4FC737F1-C7A5-4376-A066-2A32D752A2FF}</UniqueIdentifier>
      <Extensions>cpp;c;cc;cxx;c++;cppm;ixx;def;odl;idl;hpj;bat;asm;asmx</Extensions>
    </Filter>
    <Filter Include="Header Files">
      <UniqueIdentifier>{93995380-89BD-4b04-88EB-625FBE52EBFB}</UniqueIdentifier>
      <Extensions>h;hh;hpp;hxx;h++;hm;inl;inc;ipp;xsd</Extensions>
    </Filter>
    <Filter Include="Resource Files">
      <UniqueIdentifier>{67DA6AB6-F800-4c08-8B7A-83BB121AAD01}</UniqueIdentifier>
      <Extensions>rc;ico;cur;bmp;dlg;rc2;rct;bin;rgs;gif;jpg;jpeg;jpe;resx;tiff;tif;png;wav;mfcribbon-ms</Extensions>
    </Filter>
    <Filter Include="Header Files\lib">
      <UniqueIdentifier>{e188499f-d795-40a9-87fd-25930831a91d}</UniqueIdentifier>
    </Filter>
    <Filter Include="Source Files\lib">
      <UniqueIdentifier>{31a7ae70-59e2-4789-96ce-4a3ecb588b3f}</UniqueIdentifier>
    </Filter>
    <Filter Include="Source Files\bencode">
      <UniqueIdentifier>{331eab3b-7d17-4463-a0b0-2e0e6f9a10d3}</UniqueIdentifier>
    </Filter>
    <Filter Include="Header Files\bencode">
      <UniqueIdentifier>{797c0d51-eadf-458d-a9d6-edf352e4a87a}</UniqueIdentifier>
    </Filter>
    <Filter Include="Header Files\utils">
      <UniqueIdentifier>{32ddb401-7243-4e55-9376-da10f7f7a377}</UniqueIdentifier>
    </Filter>
    <Filter Include="Source Files\utils">
      <UniqueIdentifier>{beb1fa99-0df4-4a2e-9369-45085f8b0358}</UniqueIdentifier>
    </Filter>
    <Filter Include="Header Files\bittorrent">
      <UniqueIdentifier>{5ddd92e0-4d5a-4962-b0cf-1179b21e23cb}</UniqueIdentifier>
    </Filter>
    <Filter Include="Source Files\bittorrent">
      <UniqueIdentifier>{9462572e-c661-487e-b45d-33965d7ab179}</UniqueIdentifier>
    </Filter>
  </ItemGroup>
  <ItemGroup>
    <ClCompile Include="Handle.cpp">
      <Filter>Source Files\lib</Filter>
    </ClCompile>
    <ClCompile Include="File.cpp">
      <Filter>Source Files\lib</Filter>
    </ClCompile>
    <ClCompile Include="Exception.cpp">
      <Filter>Source Files\lib</Filter>
    </ClCompile>
    <ClCompile Include="CryptoGen.cpp">
      <Filter>Source Files\lib</Filter>
    </ClCompile>
    <ClCompile Include="bencode.cpp">
      <Filter>Source Files\bencode</Filter>
    </ClCompile>
    <ClCompile Include="BenCodeObject.cpp">
      <Filter>Source Files\bencode</Filter>
    </ClCompile>
    <ClCompile Include="UrlUtils.cpp">
      <Filter>Source Files\utils</Filter>
    </ClCompile>
    <ClCompile Include="HexUtils.cpp">
      <Filter>Source Files\utils</Filter>
    </ClCompile>
    <ClCompile Include="WinShok.cpp">
      <Filter>Source Files\lib</Filter>
    </ClCompile>
    <ClCompile Include="Socket.cpp">
      <Filter>Source Files\lib</Filter>
    </ClCompile>
    <ClCompile Include="Sha1.cpp">
      <Filter>Source Files\lib</Filter>
    </ClCompile>
    <ClCompile Include="Downloader.cpp">
      <Filter>Source Files</Filter>
    </ClCompile>
    <ClCompile Include="FilePathUtils.cpp">
      <Filter>Source Files\utils</Filter>
    </ClCompile>
    <ClCompile Include="Directory.cpp">
      <Filter>Source Files\lib</Filter>
    </ClCompile>
    <ClCompile Include="Tracker.cpp">
      <Filter>Source Files\bittorrent</Filter>
    </ClCompile>
    <ClCompile Include="TorrentParser.cpp">
      <Filter>Source Files\bittorrent</Filter>
    </ClCompile>
    <ClCompile Include="Messages.cpp">
      <Filter>Source Files\bittorrent</Filter>
    </ClCompile>
    <ClCompile Include="Peer.cpp">
      <Filter>Source Files\bittorrent</Filter>
    </ClCompile>
    <ClCompile Include="Pieces.cpp">
      <Filter>Source Files\bittorrent</Filter>
    </ClCompile>
  </ItemGroup>
  <ItemGroup>
    <ClInclude Include="Handle.h">
      <Filter>Header Files\lib</Filter>
    </ClInclude>
    <ClInclude Include="Defs.h">
      <Filter>Header Files\lib</Filter>
    </ClInclude>
    <ClInclude Include="File.h">
      <Filter>Header Files\lib</Filter>
    </ClInclude>
    <ClInclude Include="Exception.h">
      <Filter>Header Files\lib</Filter>
    </ClInclude>
    <ClInclude Include="CryptoGen.h">
      <Filter>Header Files\lib</Filter>
    </ClInclude>
    <ClInclude Include="bencode.h">
      <Filter>Header Files\bencode</Filter>
    </ClInclude>
    <ClInclude Include="BenCodeObject.h">
      <Filter>Header Files\bencode</Filter>
    </ClInclude>
    <ClInclude Include="UrlUtils.h">
      <Filter>Header Files\utils</Filter>
    </ClInclude>
    <ClInclude Include="HexUtils.h">
      <Filter>Header Files\utils</Filter>
    </ClInclude>
    <ClInclude Include="WinShok.h">
      <Filter>Header Files\lib</Filter>
    </ClInclude>
    <ClInclude Include="Socket.h">
      <Filter>Header Files\lib</Filter>
    </ClInclude>
    <ClInclude Include="Sha1.h">
      <Filter>Header Files\lib</Filter>
    </ClInclude>
    <ClInclude Include="Downloader.h">
      <Filter>Header Files</Filter>
    </ClInclude>
    <ClInclude Include="FilePathUtils.h">
      <Filter>Header Files\utils</Filter>
    </ClInclude>
    <ClInclude Include="Directory.h">
      <Filter>Header Files\lib</Filter>
    </ClInclude>
    <ClInclude Include="Tracker.h">
      <Filter>Header Files\bittorrent</Filter>
    </ClInclude>
    <ClInclude Include="TorrentParser.h">
      <Filter>Header Files\bittorrent</Filter>
    </ClInclude>
    <ClInclude Include="Pieces.h">
      <Filter>Header Files\bittorrent</Filter>
    </ClInclude>
    <ClInclude Include="Messages.h">
      <Filter>Header Files\bittorrent</Filter>
    </ClInclude>
    <ClInclude Include="Peer.h">
      <Filter>Header Files\bittorrent</Filter>
    </ClInclude>
  </ItemGroup>
</Project>