
Microsoft Visual Studio Solution File, Format Version 12.00
# Visual Studio Version 17
VisualStudioVersion = 17.2.32526.322
MinimumVisualStudioVersion = 10.0.40219.1
Project("{8BC9CEB8-8B4A-11D0-8D11-00A0C91BC942}") = "BitTorrent", "BitTorrent\BitTorrent.vcxproj", "{19572AB5-1881-4CD5-9795-755904A1AD20}"
EndProject
Project("{8BC9CEB8-8B4A-11D0-8D11-00A0C91BC942}") = "BitTorrentMain", "BitTorrentMain\BitTorrentMain.vcxproj", "{53A14B69-4206-46FB-A575-BE7FFBC15368}"
EndProject
Project("{8BC9CEB8-8B4A-11D0-8D11-00A0C91BC942}") = "BitTorrentTests", "BitTorrentTests\BitTorrentTests.vcxproj", "{B0D3442E-F676-4588-B97F-4AE054B0673D}"
EndProject
Global
	GlobalSection(SolutionConfigurationPlatforms) = preSolution
		Debug|x64 = Debug|x64
		Debug|x86 = Debug|x86
		Release|x64 = Release|x64
		Release|x86 = Release|x86
	EndGlobalSection
	GlobalSection(ProjectConfigurationPlatforms) = postSolution
		{19572AB5-1881-4CD5-9795-755904A1AD20}.Debug|x64.ActiveCfg = Debug|x64
		{19572AB5-1881-4CD5-9795-755904A1AD20}.Debug|x64.Build.0 = Debug|x64
		{19572AB5-1881-4CD5-9795-755904A1AD20}.Debug|x86.ActiveCfg = Debug|Win32
		{19572AB5-1881-4CD5-9795-755904A1AD20}.Debug|x86.Build.0 = Debug|Win32
		{19572AB5-1881-4CD5-9795-755904A1AD20}.Release|x64.ActiveCfg = Release|x64
		{19572AB5-1881-4CD5-9795-755904A1AD20}.Release|x64.Build.0 = Release|x64
		{19572AB5-1881-4CD5-9795-755904A1AD20}.Release|x86.ActiveCfg = Release|Win32
		{19572AB5-1881-4CD5-9795-755904A1AD20}.Release|x86.Build.0 = Release|Win32
		{53A14B69-4206-46FB-A575-BE7FFBC15368}.Debug|x64.ActiveCfg = Debug|x64
		{53A14B69-4206-46FB-A575-BE7FFBC15368}.Debug|x64.Build.0 = Debug|x64
		{53A14B69-4206-46FB-A575-BE7FFBC15368}.Debug|x86.ActiveCfg = Debug|Win32
		{53A14B69-4206-46FB-A575-BE7FFBC15368}.Debug|x86.Build.0 = Debug|Win32
		{53A14B69-4206-46FB-A575-BE7FFBC15368}.Release|x64.ActiveCfg = Release|x64
		{53A14B69-4206-46FB-A575-BE7FFBC15368}.Release|x64.Build.0 = Release|x64
		{53A14B69-4206-46FB-A575-BE7FFBC15368}.Release|x86.ActiveCfg = Release|Win32
		{53A14B69-4206-46FB-A575-BE7FFBC15368}.Release|x86.Build.0 = Release|Win32
		{B0D3442E-F676-4588-B97F-4AE054B0673D}.Debug|x64.ActiveCfg = Debug|x64
		{B0D3442E-F676-4588-B97F-4AE054B0673D}.Debug|x64.Build.0 = Debug|x64
		{B0D3442E-F676-4588-B97F-4AE054B0673D}.Debug|x86.ActiveCfg = Debug|Win32
		{B0D3442E-F676-4588-B97F-4AE054B0673D}.Debug|x86.Build.0 = Debug|Win32
		{B0D3442E-F676-4588-B97F-4AE054B0673D}.Release|x64.ActiveCfg = Release|x64
		{B0D3442E-F676-4588-B97F-4AE054B0673D}.Release|x64.Build.0 = Release|x64
		{B0D3442E-F676-4588-B97F-4AE054B0673D}.Release|x86.ActiveCfg = Release|Win32
		{B0D3442E-F676-4588-B97F-4AE054B0673D}.Release|x86.Build.0 = Release|Win32
	EndGlobalSection
	GlobalSection(SolutionProperties) = preSolution
		HideSolutionNode = FALSE
	EndGlobalSection
	GlobalSection(ExtensibilityGlobals) = postSolution
		SolutionGuid = {17FC011C-CD5D-426B-89B0-C700B7B7D5F5}
	EndGlobalSection
EndGlobal
